
Microsoft Visual Studio Solution File, Format Version 12.00
# Visual Studio Version 16
VisualStudioVersion = 16.0.31729.503
MinimumVisualStudioVersion = 10.0.40219.1
Project("{FAE04EC0-301F-11D3-BF4B-00C04F79EFBC}") = "OperationPlanner", "OperationPlanner\OperationPlanner.csproj", "{7FBDCF45-C767-4747-A89D-4E65D986E003}"
EndProject
Global
	GlobalSection(SolutionConfigurationPlatforms) = preSolution
		Debug|Any CPU = Debug|Any CPU
		Release|Any CPU = Release|Any CPU
	EndGlobalSection
	GlobalSection(ProjectConfigurationPlatforms) = postSolution
		{7FBDCF45-C767-4747-A89D-4E65D986E003}.Debug|Any CPU.ActiveCfg = Debug|Any CPU
		{7FBDCF45-C767-4747-A89D-4E65D986E003}.Debug|Any CPU.Build.0 = Debug|Any CPU
		{7FBDCF45-C767-4747-A89D-4E65D986E003}.Release|Any CPU.ActiveCfg = Release|Any CPU
		{7FBDCF45-C767-4747-A89D-4E65D986E003}.Release|Any CPU.Build.0 = Release|Any CPU
	EndGlobalSection
	GlobalSection(SolutionProperties) = preSolution
		HideSolutionNode = FALSE
	EndGlobalSection
	GlobalSection(ExtensibilityGlobals) = postSolution
		SolutionGuid = {A65C3903-BC9F-4CA3-B3DD-ECDE265B8FE2}
	EndGlobalSection
EndGlobal
